
Microsoft Visual Studio Solution File, Format Version 12.00
# Visual Studio Version 17
VisualStudioVersion = 17.11.35219.272
MinimumVisualStudioVersion = 10.0.40219.1
Project("{9A19103F-16F7-4668-BE54-9A1E7A4F7556}") = "TVServiceCRM.Server", "TVServiceCRM.Server\TVServiceCRM.Server.csproj", "{B0A69FB6-EF90-443F-8110-36D5467C27E9}"
EndProject
Project("{54A90642-561A-4BB1-A94E-469ADEE60C69}") = "tvservicecrm.client", "tvservicecrm.client\tvservicecrm.client.esproj", "{F46ABF58-0676-4826-9CEA-3CDE8FB8998A}"
EndProject
Project("{9A19103F-16F7-4668-BE54-9A1E7A4F7556}") = "TVServiceCRM.Server.Business", "TVServiceCRM.Server.Business\TVServiceCRM.Server.Business.csproj", "{6120F76B-5355-4EC1-8B37-DBFC684B8022}"
EndProject
Project("{9A19103F-16F7-4668-BE54-9A1E7A4F7556}") = "TVServiceCRM.Server.DataAccess", "TVServiceCRM.Server.DataAccess\TVServiceCRM.Server.DataAccess.csproj", "{44C2BA3B-FC00-4A8A-8EA7-50A60B1517AD}"
EndProject
Project("{9A19103F-16F7-4668-BE54-9A1E7A4F7556}") = "TVServiceCRM.Server.Model", "TVServiceCRM.Server.Model\TVServiceCRM.Server.Model.csproj", "{2659D80C-571F-47B4-8836-7CF7B2354E5A}"
EndProject
Project("{E53339B2-1760-4266-BCC7-CA923CBCF16C}") = "docker-compose", "docker-compose.dcproj", "{3B587402-9115-4042-A957-D68BC0568074}"
EndProject
Global
	GlobalSection(SolutionConfigurationPlatforms) = preSolution
		Debug|Any CPU = Debug|Any CPU
		Release|Any CPU = Release|Any CPU
	EndGlobalSection
	GlobalSection(ProjectConfigurationPlatforms) = postSolution
		{B0A69FB6-EF90-443F-8110-36D5467C27E9}.Debug|Any CPU.ActiveCfg = Debug|Any CPU
		{B0A69FB6-EF90-443F-8110-36D5467C27E9}.Debug|Any CPU.Build.0 = Debug|Any CPU
		{B0A69FB6-EF90-443F-8110-36D5467C27E9}.Release|Any CPU.ActiveCfg = Release|Any CPU
		{B0A69FB6-EF90-443F-8110-36D5467C27E9}.Release|Any CPU.Build.0 = Release|Any CPU
		{F46ABF58-0676-4826-9CEA-3CDE8FB8998A}.Debug|Any CPU.ActiveCfg = Debug|Any CPU
		{F46ABF58-0676-4826-9CEA-3CDE8FB8998A}.Debug|Any CPU.Build.0 = Debug|Any CPU
		{F46ABF58-0676-4826-9CEA-3CDE8FB8998A}.Debug|Any CPU.Deploy.0 = Debug|Any CPU
		{F46ABF58-0676-4826-9CEA-3CDE8FB8998A}.Release|Any CPU.ActiveCfg = Release|Any CPU
		{F46ABF58-0676-4826-9CEA-3CDE8FB8998A}.Release|Any CPU.Build.0 = Release|Any CPU
		{F46ABF58-0676-4826-9CEA-3CDE8FB8998A}.Release|Any CPU.Deploy.0 = Release|Any CPU
		{6120F76B-5355-4EC1-8B37-DBFC684B8022}.Debug|Any CPU.ActiveCfg = Debug|Any CPU
		{6120F76B-5355-4EC1-8B37-DBFC684B8022}.Debug|Any CPU.Build.0 = Debug|Any CPU
		{6120F76B-5355-4EC1-8B37-DBFC684B8022}.Release|Any CPU.ActiveCfg = Release|Any CPU
		{6120F76B-5355-4EC1-8B37-DBFC684B8022}.Release|Any CPU.Build.0 = Release|Any CPU
		{44C2BA3B-FC00-4A8A-8EA7-50A60B1517AD}.Debug|Any CPU.ActiveCfg = Debug|Any CPU
		{44C2BA3B-FC00-4A8A-8EA7-50A60B1517AD}.Debug|Any CPU.Build.0 = Debug|Any CPU
		{44C2BA3B-FC00-4A8A-8EA7-50A60B1517AD}.Release|Any CPU.ActiveCfg = Release|Any CPU
		{44C2BA3B-FC00-4A8A-8EA7-50A60B1517AD}.Release|Any CPU.Build.0 = Release|Any CPU
		{2659D80C-571F-47B4-8836-7CF7B2354E5A}.Debug|Any CPU.ActiveCfg = Debug|Any CPU
		{2659D80C-571F-47B4-8836-7CF7B2354E5A}.Debug|Any CPU.Build.0 = Debug|Any CPU
		{2659D80C-571F-47B4-8836-7CF7B2354E5A}.Release|Any CPU.ActiveCfg = Release|Any CPU
		{2659D80C-571F-47B4-8836-7CF7B2354E5A}.Release|Any CPU.Build.0 = Release|Any CPU
		{3B587402-9115-4042-A957-D68BC0568074}.Debug|Any CPU.ActiveCfg = Debug|Any CPU
		{3B587402-9115-4042-A957-D68BC0568074}.Debug|Any CPU.Build.0 = Debug|Any CPU
		{3B587402-9115-4042-A957-D68BC0568074}.Release|Any CPU.ActiveCfg = Release|Any CPU
		{3B587402-9115-4042-A957-D68BC0568074}.Release|Any CPU.Build.0 = Release|Any CPU
	EndGlobalSection
	GlobalSection(SolutionProperties) = preSolution
		HideSolutionNode = FALSE
	EndGlobalSection
	GlobalSection(ExtensibilityGlobals) = postSolution
		SolutionGuid = {0D9D1DF0-F87C-4F85-AEC7-E89871BD04C1}
	EndGlobalSection
EndGlobal
